// !$*UTF8*$!
{
	archiveVersion = 1;
	classes = {
	};
	objectVersion = 50;
	objects = {

/* Begin PBXBuildFile section */
		2586A351264DC1CC00DB3A99 /* AppDelegate.swift in Sources */ = {isa = PBXBuildFile; fileRef = 2586A350264DC1CC00DB3A99 /* AppDelegate.swift */; };
		2586A353264DC1CC00DB3A99 /* SceneDelegate.swift in Sources */ = {isa = PBXBuildFile; fileRef = 2586A352264DC1CC00DB3A99 /* SceneDelegate.swift */; };
		2586A355264DC1CC00DB3A99 /* ViewController.swift in Sources */ = {isa = PBXBuildFile; fileRef = 2586A354264DC1CC00DB3A99 /* ViewController.swift */; };
		2586A358264DC1CC00DB3A99 /* Main.storyboard in Resources */ = {isa = PBXBuildFile; fileRef = 2586A356264DC1CC00DB3A99 /* Main.storyboard */; };
		2586A35A264DC1DE00DB3A99 /* Assets.xcassets in Resources */ = {isa = PBXBuildFile; fileRef = 2586A359264DC1DE00DB3A99 /* Assets.xcassets */; };
		2586A35D264DC1DE00DB3A99 /* LaunchScreen.storyboard in Resources */ = {isa = PBXBuildFile; fileRef = 2586A35B264DC1DE00DB3A99 /* LaunchScreen.storyboard */; };
		2586A368264DC1DE00DB3A99 /* EntaFeenYastaTests.swift in Sources */ = {isa = PBXBuildFile; fileRef = 2586A367264DC1DE00DB3A99 /* EntaFeenYastaTests.swift */; };
		2586A373264DC1DE00DB3A99 /* EntaFeenYastaUITests.swift in Sources */ = {isa = PBXBuildFile; fileRef = 2586A372264DC1DE00DB3A99 /* EntaFeenYastaUITests.swift */; };
		25F9B514265179360050FECD /* AttributeHandler.swift in Sources */ = {isa = PBXBuildFile; fileRef = 25F9B513265179360050FECD /* AttributeHandler.swift */; };
		25F9B5162651799A0050FECD /* MapMarker.swift in Sources */ = {isa = PBXBuildFile; fileRef = 25F9B5152651799A0050FECD /* MapMarker.swift */; };
		25F9B52226517E7E0050FECD /* Mapbox.framework in Frameworks */ = {isa = PBXBuildFile; fileRef = 25F9B52026517E7E0050FECD /* Mapbox.framework */; };
		25F9B52326517E7E0050FECD /* Mapbox.framework in Embed Frameworks */ = {isa = PBXBuildFile; fileRef = 25F9B52026517E7E0050FECD /* Mapbox.framework */; settings = {ATTRIBUTES = (CodeSignOnCopy, RemoveHeadersOnCopy, ); }; };
		25F9B52426517E7E0050FECD /* MapboxMobileEvents.framework in Frameworks */ = {isa = PBXBuildFile; fileRef = 25F9B52126517E7E0050FECD /* MapboxMobileEvents.framework */; };
		25F9B52526517E7E0050FECD /* MapboxMobileEvents.framework in Embed Frameworks */ = {isa = PBXBuildFile; fileRef = 25F9B52126517E7E0050FECD /* MapboxMobileEvents.framework */; settings = {ATTRIBUTES = (CodeSignOnCopy, RemoveHeadersOnCopy, ); }; };
		25F9B527265182D70050FECD /* ErrorHandling.swift in Sources */ = {isa = PBXBuildFile; fileRef = 25F9B526265182D70050FECD /* ErrorHandling.swift */; };
/* End PBXBuildFile section */

/* Begin PBXContainerItemProxy section */
		2586A364264DC1DE00DB3A99 /* PBXContainerItemProxy */ = {
			isa = PBXContainerItemProxy;
			containerPortal = 2586A345264DC1CC00DB3A99 /* Project object */;
			proxyType = 1;
			remoteGlobalIDString = 2586A34C264DC1CC00DB3A99;
			remoteInfo = EntaFeenYasta;
		};
		2586A36F264DC1DE00DB3A99 /* PBXContainerItemProxy */ = {
			isa = PBXContainerItemProxy;
			containerPortal = 2586A345264DC1CC00DB3A99 /* Project object */;
			proxyType = 1;
			remoteGlobalIDString = 2586A34C264DC1CC00DB3A99;
			remoteInfo = EntaFeenYasta;
		};
/* End PBXContainerItemProxy section */

/* Begin PBXCopyFilesBuildPhase section */
		25F9B51B26517DF70050FECD /* Embed Frameworks */ = {
			isa = PBXCopyFilesBuildPhase;
			buildActionMask = 2147483647;
			dstPath = "";
			dstSubfolderSpec = 10;
			files = (
				25F9B52526517E7E0050FECD /* MapboxMobileEvents.framework in Embed Frameworks */,
				25F9B52326517E7E0050FECD /* Mapbox.framework in Embed Frameworks */,
			);
			name = "Embed Frameworks";
			runOnlyForDeploymentPostprocessing = 0;
		};
/* End PBXCopyFilesBuildPhase section */

/* Begin PBXFileReference section */
		2586A34D264DC1CC00DB3A99 /* EntaFeenYasta.app */ = {isa = PBXFileReference; explicitFileType = wrapper.application; includeInIndex = 0; path = EntaFeenYasta.app; sourceTree = BUILT_PRODUCTS_DIR; };
		2586A350264DC1CC00DB3A99 /* AppDelegate.swift */ = {isa = PBXFileReference; lastKnownFileType = sourcecode.swift; path = AppDelegate.swift; sourceTree = "<group>"; };
		2586A352264DC1CC00DB3A99 /* SceneDelegate.swift */ = {isa = PBXFileReference; lastKnownFileType = sourcecode.swift; path = SceneDelegate.swift; sourceTree = "<group>"; };
		2586A354264DC1CC00DB3A99 /* ViewController.swift */ = {isa = PBXFileReference; lastKnownFileType = sourcecode.swift; path = ViewController.swift; sourceTree = "<group>"; };
		2586A357264DC1CC00DB3A99 /* Base */ = {isa = PBXFileReference; lastKnownFileType = file.storyboard; name = Base; path = Base.lproj/Main.storyboard; sourceTree = "<group>"; };
		2586A359264DC1DE00DB3A99 /* Assets.xcassets */ = {isa = PBXFileReference; lastKnownFileType = folder.assetcatalog; path = Assets.xcassets; sourceTree = "<group>"; };
		2586A35C264DC1DE00DB3A99 /* Base */ = {isa = PBXFileReference; lastKnownFileType = file.storyboard; name = Base; path = Base.lproj/LaunchScreen.storyboard; sourceTree = "<group>"; };
		2586A35E264DC1DE00DB3A99 /* Info.plist */ = {isa = PBXFileReference; lastKnownFileType = text.plist.xml; path = Info.plist; sourceTree = "<group>"; };
		2586A363264DC1DE00DB3A99 /* EntaFeenYastaTests.xctest */ = {isa = PBXFileReference; explicitFileType = wrapper.cfbundle; includeInIndex = 0; path = EntaFeenYastaTests.xctest; sourceTree = BUILT_PRODUCTS_DIR; };
		2586A367264DC1DE00DB3A99 /* EntaFeenYastaTests.swift */ = {isa = PBXFileReference; lastKnownFileType = sourcecode.swift; path = EntaFeenYastaTests.swift; sourceTree = "<group>"; };
		2586A369264DC1DE00DB3A99 /* Info.plist */ = {isa = PBXFileReference; lastKnownFileType = text.plist.xml; path = Info.plist; sourceTree = "<group>"; };
		2586A36E264DC1DE00DB3A99 /* EntaFeenYastaUITests.xctest */ = {isa = PBXFileReference; explicitFileType = wrapper.cfbundle; includeInIndex = 0; path = EntaFeenYastaUITests.xctest; sourceTree = BUILT_PRODUCTS_DIR; };
		2586A372264DC1DE00DB3A99 /* EntaFeenYastaUITests.swift */ = {isa = PBXFileReference; lastKnownFileType = sourcecode.swift; path = EntaFeenYastaUITests.swift; sourceTree = "<group>"; };
		2586A374264DC1DE00DB3A99 /* Info.plist */ = {isa = PBXFileReference; lastKnownFileType = text.plist.xml; path = Info.plist; sourceTree = "<group>"; };
		25F9B513265179360050FECD /* AttributeHandler.swift */ = {isa = PBXFileReference; lastKnownFileType = sourcecode.swift; path = AttributeHandler.swift; sourceTree = "<group>"; };
		25F9B5152651799A0050FECD /* MapMarker.swift */ = {isa = PBXFileReference; lastKnownFileType = sourcecode.swift; path = MapMarker.swift; sourceTree = "<group>"; };
		25F9B52026517E7E0050FECD /* Mapbox.framework */ = {isa = PBXFileReference; lastKnownFileType = wrapper.framework; path = Mapbox.framework; sourceTree = "<group>"; };
		25F9B52126517E7E0050FECD /* MapboxMobileEvents.framework */ = {isa = PBXFileReference; lastKnownFileType = wrapper.framework; path = MapboxMobileEvents.framework; sourceTree = "<group>"; };
		25F9B526265182D70050FECD /* ErrorHandling.swift */ = {isa = PBXFileReference; lastKnownFileType = sourcecode.swift; path = ErrorHandling.swift; sourceTree = "<group>"; };
/* End PBXFileReference section */

/* Begin PBXFrameworksBuildPhase section */
		2586A34A264DC1CC00DB3A99 /* Frameworks */ = {
			isa = PBXFrameworksBuildPhase;
			buildActionMask = 2147483647;
			files = (
				25F9B52426517E7E0050FECD /* MapboxMobileEvents.framework in Frameworks */,
				25F9B52226517E7E0050FECD /* Mapbox.framework in Frameworks */,
			);
			runOnlyForDeploymentPostprocessing = 0;
		};
		2586A360264DC1DE00DB3A99 /* Frameworks */ = {
			isa = PBXFrameworksBuildPhase;
			buildActionMask = 2147483647;
			files = (
			);
			runOnlyForDeploymentPostprocessing = 0;
		};
		2586A36B264DC1DE00DB3A99 /* Frameworks */ = {
			isa = PBXFrameworksBuildPhase;
			buildActionMask = 2147483647;
			files = (
			);
			runOnlyForDeploymentPostprocessing = 0;
		};
/* End PBXFrameworksBuildPhase section */

/* Begin PBXGroup section */
		2586A344264DC1CC00DB3A99 = {
			isa = PBXGroup;
			children = (
				2586A34F264DC1CC00DB3A99 /* EntaFeenYasta */,
				2586A366264DC1DE00DB3A99 /* EntaFeenYastaTests */,
				2586A371264DC1DE00DB3A99 /* EntaFeenYastaUITests */,
				2586A34E264DC1CC00DB3A99 /* Products */,
				25F9B51F26517E7E0050FECD /* Frameworks */,
			);
			sourceTree = "<group>";
		};
		2586A34E264DC1CC00DB3A99 /* Products */ = {
			isa = PBXGroup;
			children = (
				2586A34D264DC1CC00DB3A99 /* EntaFeenYasta.app */,
				2586A363264DC1DE00DB3A99 /* EntaFeenYastaTests.xctest */,
				2586A36E264DC1DE00DB3A99 /* EntaFeenYastaUITests.xctest */,
			);
			name = Products;
			sourceTree = "<group>";
		};
		2586A34F264DC1CC00DB3A99 /* EntaFeenYasta */ = {
			isa = PBXGroup;
			children = (
				2586A350264DC1CC00DB3A99 /* AppDelegate.swift */,
				2586A352264DC1CC00DB3A99 /* SceneDelegate.swift */,
				2586A354264DC1CC00DB3A99 /* ViewController.swift */,
				2586A356264DC1CC00DB3A99 /* Main.storyboard */,
				2586A359264DC1DE00DB3A99 /* Assets.xcassets */,
				2586A35B264DC1DE00DB3A99 /* LaunchScreen.storyboard */,
				2586A35E264DC1DE00DB3A99 /* Info.plist */,
				25F9B513265179360050FECD /* AttributeHandler.swift */,
				25F9B5152651799A0050FECD /* MapMarker.swift */,
				25F9B526265182D70050FECD /* ErrorHandling.swift */,
			);
			path = EntaFeenYasta;
			sourceTree = "<group>";
		};
		2586A366264DC1DE00DB3A99 /* EntaFeenYastaTests */ = {
			isa = PBXGroup;
			children = (
				2586A367264DC1DE00DB3A99 /* EntaFeenYastaTests.swift */,
				2586A369264DC1DE00DB3A99 /* Info.plist */,
			);
			path = EntaFeenYastaTests;
			sourceTree = "<group>";
		};
		2586A371264DC1DE00DB3A99 /* EntaFeenYastaUITests */ = {
			isa = PBXGroup;
			children = (
				2586A372264DC1DE00DB3A99 /* EntaFeenYastaUITests.swift */,
				2586A374264DC1DE00DB3A99 /* Info.plist */,
			);
			path = EntaFeenYastaUITests;
			sourceTree = "<group>";
		};
		25F9B51F26517E7E0050FECD /* Frameworks */ = {
			isa = PBXGroup;
			children = (
				25F9B52026517E7E0050FECD /* Mapbox.framework */,
				25F9B52126517E7E0050FECD /* MapboxMobileEvents.framework */,
			);
			name = Frameworks;
			sourceTree = "<group>";
		};
/* End PBXGroup section */

/* Begin PBXNativeTarget section */
		2586A34C264DC1CC00DB3A99 /* EntaFeenYasta */ = {
			isa = PBXNativeTarget;
			buildConfigurationList = 2586A377264DC1DE00DB3A99 /* Build configuration list for PBXNativeTarget "EntaFeenYasta" */;
			buildPhases = (
				2586A349264DC1CC00DB3A99 /* Sources */,
				2586A34A264DC1CC00DB3A99 /* Frameworks */,
				2586A34B264DC1CC00DB3A99 /* Resources */,
				25F9B51B26517DF70050FECD /* Embed Frameworks */,
			);
			buildRules = (
			);
			dependencies = (
			);
			name = EntaFeenYasta;
			productName = EntaFeenYasta;
			productReference = 2586A34D264DC1CC00DB3A99 /* EntaFeenYasta.app */;
			productType = "com.apple.product-type.application";
		};
		2586A362264DC1DE00DB3A99 /* EntaFeenYastaTests */ = {
			isa = PBXNativeTarget;
			buildConfigurationList = 2586A37A264DC1DE00DB3A99 /* Build configuration list for PBXNativeTarget "EntaFeenYastaTests" */;
			buildPhases = (
				2586A35F264DC1DE00DB3A99 /* Sources */,
				2586A360264DC1DE00DB3A99 /* Frameworks */,
				2586A361264DC1DE00DB3A99 /* Resources */,
			);
			buildRules = (
			);
			dependencies = (
				2586A365264DC1DE00DB3A99 /* PBXTargetDependency */,
			);
			name = EntaFeenYastaTests;
			productName = EntaFeenYastaTests;
			productReference = 2586A363264DC1DE00DB3A99 /* EntaFeenYastaTests.xctest */;
			productType = "com.apple.product-type.bundle.unit-test";
		};
		2586A36D264DC1DE00DB3A99 /* EntaFeenYastaUITests */ = {
			isa = PBXNativeTarget;
			buildConfigurationList = 2586A37D264DC1DE00DB3A99 /* Build configuration list for PBXNativeTarget "EntaFeenYastaUITests" */;
			buildPhases = (
				2586A36A264DC1DE00DB3A99 /* Sources */,
				2586A36B264DC1DE00DB3A99 /* Frameworks */,
				2586A36C264DC1DE00DB3A99 /* Resources */,
			);
			buildRules = (
			);
			dependencies = (
				2586A370264DC1DE00DB3A99 /* PBXTargetDependency */,
			);
			name = EntaFeenYastaUITests;
			productName = EntaFeenYastaUITests;
			productReference = 2586A36E264DC1DE00DB3A99 /* EntaFeenYastaUITests.xctest */;
			productType = "com.apple.product-type.bundle.ui-testing";
		};
/* End PBXNativeTarget section */

/* Begin PBXProject section */
		2586A345264DC1CC00DB3A99 /* Project object */ = {
			isa = PBXProject;
			attributes = {
				LastSwiftUpdateCheck = 1250;
				LastUpgradeCheck = 1250;
				TargetAttributes = {
					2586A34C264DC1CC00DB3A99 = {
						CreatedOnToolsVersion = 12.5;
					};
					2586A362264DC1DE00DB3A99 = {
						CreatedOnToolsVersion = 12.5;
						TestTargetID = 2586A34C264DC1CC00DB3A99;
					};
					2586A36D264DC1DE00DB3A99 = {
						CreatedOnToolsVersion = 12.5;
						TestTargetID = 2586A34C264DC1CC00DB3A99;
					};
				};
			};
			buildConfigurationList = 2586A348264DC1CC00DB3A99 /* Build configuration list for PBXProject "EntaFeenYasta" */;
			compatibilityVersion = "Xcode 9.3";
			developmentRegion = en;
			hasScannedForEncodings = 0;
			knownRegions = (
				en,
				Base,
			);
			mainGroup = 2586A344264DC1CC00DB3A99;
			productRefGroup = 2586A34E264DC1CC00DB3A99 /* Products */;
			projectDirPath = "";
			projectRoot = "";
			targets = (
				2586A34C264DC1CC00DB3A99 /* EntaFeenYasta */,
				2586A362264DC1DE00DB3A99 /* EntaFeenYastaTests */,
				2586A36D264DC1DE00DB3A99 /* EntaFeenYastaUITests */,
			);
		};
/* End PBXProject section */

/* Begin PBXResourcesBuildPhase section */
		2586A34B264DC1CC00DB3A99 /* Resources */ = {
			isa = PBXResourcesBuildPhase;
			buildActionMask = 2147483647;
			files = (
				2586A35D264DC1DE00DB3A99 /* LaunchScreen.storyboard in Resources */,
				2586A35A264DC1DE00DB3A99 /* Assets.xcassets in Resources */,
				2586A358264DC1CC00DB3A99 /* Main.storyboard in Resources */,
			);
			runOnlyForDeploymentPostprocessing = 0;
		};
		2586A361264DC1DE00DB3A99 /* Resources */ = {
			isa = PBXResourcesBuildPhase;
			buildActionMask = 2147483647;
			files = (
			);
			runOnlyForDeploymentPostprocessing = 0;
		};
		2586A36C264DC1DE00DB3A99 /* Resources */ = {
			isa = PBXResourcesBuildPhase;
			buildActionMask = 2147483647;
			files = (
			);
			runOnlyForDeploymentPostprocessing = 0;
		};
/* End PBXResourcesBuildPhase section */

/* Begin PBXSourcesBuildPhase section */
		2586A349264DC1CC00DB3A99 /* Sources */ = {
			isa = PBXSourcesBuildPhase;
			buildActionMask = 2147483647;
			files = (
				2586A355264DC1CC00DB3A99 /* ViewController.swift in Sources */,
				2586A351264DC1CC00DB3A99 /* AppDelegate.swift in Sources */,
				2586A353264DC1CC00DB3A99 /* SceneDelegate.swift in Sources */,
				25F9B527265182D70050FECD /* ErrorHandling.swift in Sources */,
				25F9B5162651799A0050FECD /* MapMarker.swift in Sources */,
				25F9B514265179360050FECD /* AttributeHandler.swift in Sources */,
			);
			runOnlyForDeploymentPostprocessing = 0;
		};
		2586A35F264DC1DE00DB3A99 /* Sources */ = {
			isa = PBXSourcesBuildPhase;
			buildActionMask = 2147483647;
			files = (
				2586A368264DC1DE00DB3A99 /* EntaFeenYastaTests.swift in Sources */,
			);
			runOnlyForDeploymentPostprocessing = 0;
		};
		2586A36A264DC1DE00DB3A99 /* Sources */ = {
			isa = PBXSourcesBuildPhase;
			buildActionMask = 2147483647;
			files = (
				2586A373264DC1DE00DB3A99 /* EntaFeenYastaUITests.swift in Sources */,
			);
			runOnlyForDeploymentPostprocessing = 0;
		};
/* End PBXSourcesBuildPhase section */

/* Begin PBXTargetDependency section */
		2586A365264DC1DE00DB3A99 /* PBXTargetDependency */ = {
			isa = PBXTargetDependency;
			target = 2586A34C264DC1CC00DB3A99 /* EntaFeenYasta */;
			targetProxy = 2586A364264DC1DE00DB3A99 /* PBXContainerItemProxy */;
		};
		2586A370264DC1DE00DB3A99 /* PBXTargetDependency */ = {
			isa = PBXTargetDependency;
			target = 2586A34C264DC1CC00DB3A99 /* EntaFeenYasta */;
			targetProxy = 2586A36F264DC1DE00DB3A99 /* PBXContainerItemProxy */;
		};
/* End PBXTargetDependency section */

/* Begin PBXVariantGroup section */
		2586A356264DC1CC00DB3A99 /* Main.storyboard */ = {
			isa = PBXVariantGroup;
			children = (
				2586A357264DC1CC00DB3A99 /* Base */,
			);
			name = Main.storyboard;
			sourceTree = "<group>";
		};
		2586A35B264DC1DE00DB3A99 /* LaunchScreen.storyboard */ = {
			isa = PBXVariantGroup;
			children = (
				2586A35C264DC1DE00DB3A99 /* Base */,
			);
			name = LaunchScreen.storyboard;
			sourceTree = "<group>";
		};
/* End PBXVariantGroup section */

/* Begin XCBuildConfiguration section */
		2586A375264DC1DE00DB3A99 /* Debug */ = {
			isa = XCBuildConfiguration;
			buildSettings = {
				ALWAYS_SEARCH_USER_PATHS = NO;
				CLANG_ANALYZER_NONNULL = YES;
				CLANG_ANALYZER_NUMBER_OBJECT_CONVERSION = YES_AGGRESSIVE;
				CLANG_CXX_LANGUAGE_STANDARD = "gnu++14";
				CLANG_CXX_LIBRARY = "libc++";
				CLANG_ENABLE_MODULES = YES;
				CLANG_ENABLE_OBJC_ARC = YES;
				CLANG_ENABLE_OBJC_WEAK = YES;
				CLANG_WARN_BLOCK_CAPTURE_AUTORELEASING = YES;
				CLANG_WARN_BOOL_CONVERSION = YES;
				CLANG_WARN_COMMA = YES;
				CLANG_WARN_CONSTANT_CONVERSION = YES;
				CLANG_WARN_DEPRECATED_OBJC_IMPLEMENTATIONS = YES;
				CLANG_WARN_DIRECT_OBJC_ISA_USAGE = YES_ERROR;
				CLANG_WARN_DOCUMENTATION_COMMENTS = YES;
				CLANG_WARN_EMPTY_BODY = YES;
				CLANG_WARN_ENUM_CONVERSION = YES;
				CLANG_WARN_INFINITE_RECURSION = YES;
				CLANG_WARN_INT_CONVERSION = YES;
				CLANG_WARN_NON_LITERAL_NULL_CONVERSION = YES;
				CLANG_WARN_OBJC_IMPLICIT_RETAIN_SELF = YES;
				CLANG_WARN_OBJC_LITERAL_CONVERSION = YES;
				CLANG_WARN_OBJC_ROOT_CLASS = YES_ERROR;
				CLANG_WARN_QUOTED_INCLUDE_IN_FRAMEWORK_HEADER = YES;
				CLANG_WARN_RANGE_LOOP_ANALYSIS = YES;
				CLANG_WARN_STRICT_PROTOTYPES = YES;
				CLANG_WARN_SUSPICIOUS_MOVE = YES;
				CLANG_WARN_UNGUARDED_AVAILABILITY = YES_AGGRESSIVE;
				CLANG_WARN_UNREACHABLE_CODE = YES;
				CLANG_WARN__DUPLICATE_METHOD_MATCH = YES;
				COPY_PHASE_STRIP = NO;
				DEBUG_INFORMATION_FORMAT = dwarf;
				ENABLE_STRICT_OBJC_MSGSEND = YES;
				ENABLE_TESTABILITY = YES;
				GCC_C_LANGUAGE_STANDARD = gnu11;
				GCC_DYNAMIC_NO_PIC = NO;
				GCC_NO_COMMON_BLOCKS = YES;
				GCC_OPTIMIZATION_LEVEL = 0;
				GCC_PREPROCESSOR_DEFINITIONS = (
					"DEBUG=1",
					"$(inherited)",
				);
				GCC_WARN_64_TO_32_BIT_CONVERSION = YES;
				GCC_WARN_ABOUT_RETURN_TYPE = YES_ERROR;
				GCC_WARN_UNDECLARED_SELECTOR = YES;
				GCC_WARN_UNINITIALIZED_AUTOS = YES_AGGRESSIVE;
				GCC_WARN_UNUSED_FUNCTION = YES;
				GCC_WARN_UNUSED_VARIABLE = YES;
				IPHONEOS_DEPLOYMENT_TARGET = 14.5;
				MTL_ENABLE_DEBUG_INFO = INCLUDE_SOURCE;
				MTL_FAST_MATH = YES;
				ONLY_ACTIVE_ARCH = YES;
				SDKROOT = iphoneos;
				SWIFT_ACTIVE_COMPILATION_CONDITIONS = DEBUG;
				SWIFT_OPTIMIZATION_LEVEL = "-Onone";
			};
			name = Debug;
		};
		2586A376264DC1DE00DB3A99 /* Release */ = {
			isa = XCBuildConfiguration;
			buildSettings = {
				ALWAYS_SEARCH_USER_PATHS = NO;
				CLANG_ANALYZER_NONNULL = YES;
				CLANG_ANALYZER_NUMBER_OBJECT_CONVERSION = YES_AGGRESSIVE;
				CLANG_CXX_LANGUAGE_STANDARD = "gnu++14";
				CLANG_CXX_LIBRARY = "libc++";
				CLANG_ENABLE_MODULES = YES;
				CLANG_ENABLE_OBJC_ARC = YES;
				CLANG_ENABLE_OBJC_WEAK = YES;
				CLANG_WARN_BLOCK_CAPTURE_AUTORELEASING = YES;
				CLANG_WARN_BOOL_CONVERSION = YES;
				CLANG_WARN_COMMA = YES;
				CLANG_WARN_CONSTANT_CONVERSION = YES;
				CLANG_WARN_DEPRECATED_OBJC_IMPLEMENTATIONS = YES;
				CLANG_WARN_DIRECT_OBJC_ISA_USAGE = YES_ERROR;
				CLANG_WARN_DOCUMENTATION_COMMENTS = YES;
				CLANG_WARN_EMPTY_BODY = YES;
				CLANG_WARN_ENUM_CONVERSION = YES;
				CLANG_WARN_INFINITE_RECURSION = YES;
				CLANG_WARN_INT_CONVERSION = YES;
				CLANG_WARN_NON_LITERAL_NULL_CONVERSION = YES;
				CLANG_WARN_OBJC_IMPLICIT_RETAIN_SELF = YES;
				CLANG_WARN_OBJC_LITERAL_CONVERSION = YES;
				CLANG_WARN_OBJC_ROOT_CLASS = YES_ERROR;
				CLANG_WARN_QUOTED_INCLUDE_IN_FRAMEWORK_HEADER = YES;
				CLANG_WARN_RANGE_LOOP_ANALYSIS = YES;
				CLANG_WARN_STRICT_PROTOTYPES = YES;
				CLANG_WARN_SUSPICIOUS_MOVE = YES;
				CLANG_WARN_UNGUARDED_AVAILABILITY = YES_AGGRESSIVE;
				CLANG_WARN_UNREACHABLE_CODE = YES;
				CLANG_WARN__DUPLICATE_METHOD_MATCH = YES;
				COPY_PHASE_STRIP = NO;
				DEBUG_INFORMATION_FORMAT = "dwarf-with-dsym";
				ENABLE_NS_ASSERTIONS = NO;
				ENABLE_STRICT_OBJC_MSGSEND = YES;
				GCC_C_LANGUAGE_STANDARD = gnu11;
				GCC_NO_COMMON_BLOCKS = YES;
				GCC_WARN_64_TO_32_BIT_CONVERSION = YES;
				GCC_WARN_ABOUT_RETURN_TYPE = YES_ERROR;
				GCC_WARN_UNDECLARED_SELECTOR = YES;
				GCC_WARN_UNINITIALIZED_AUTOS = YES_AGGRESSIVE;
				GCC_WARN_UNUSED_FUNCTION = YES;
				GCC_WARN_UNUSED_VARIABLE = YES;
				IPHONEOS_DEPLOYMENT_TARGET = 14.5;
				MTL_ENABLE_DEBUG_INFO = NO;
				MTL_FAST_MATH = YES;
				SDKROOT = iphoneos;
				SWIFT_COMPILATION_MODE = wholemodule;
				SWIFT_OPTIMIZATION_LEVEL = "-O";
				VALIDATE_PRODUCT = YES;
			};
			name = Release;
		};
		2586A378264DC1DE00DB3A99 /* Debug */ = {
			isa = XCBuildConfiguration;
			buildSettings = {
				ASSETCATALOG_COMPILER_APPICON_NAME = AppIcon;
				ASSETCATALOG_COMPILER_GLOBAL_ACCENT_COLOR_NAME = AccentColor;
				CODE_SIGN_STYLE = Automatic;
				FRAMEWORK_SEARCH_PATHS = (
					"$(inherited)",
					"$(PROJECT_DIR)",
				);
				INFOPLIST_FILE = EntaFeenYasta/Info.plist;
				LD_RUNPATH_SEARCH_PATHS = (
					"$(inherited)",
					"@executable_path/Frameworks",
				);
				PRODUCT_BUNDLE_IDENTIFIER = com.oelmofty.EntaFeenYasta;
				PRODUCT_NAME = "$(TARGET_NAME)";
				SWIFT_VERSION = 5.0;
				TARGETED_DEVICE_FAMILY = "1,2";
				VALIDATE_WORKSPACE = YES;
			};
			name = Debug;
		};
		2586A379264DC1DE00DB3A99 /* Release */ = {
			isa = XCBuildConfiguration;
			buildSettings = {
				ASSETCATALOG_COMPILER_APPICON_NAME = AppIcon;
				ASSETCATALOG_COMPILER_GLOBAL_ACCENT_COLOR_NAME = AccentColor;
				CODE_SIGN_STYLE = Automatic;
				FRAMEWORK_SEARCH_PATHS = (
					"$(inherited)",
					"$(PROJECT_DIR)",
				);
				INFOPLIST_FILE = EntaFeenYasta/Info.plist;
				LD_RUNPATH_SEARCH_PATHS = (
					"$(inherited)",
					"@executable_path/Frameworks",
				);
				PRODUCT_BUNDLE_IDENTIFIER = com.oelmofty.EntaFeenYasta;
				PRODUCT_NAME = "$(TARGET_NAME)";
				SWIFT_VERSION = 5.0;
				TARGETED_DEVICE_FAMILY = "1,2";
				VALIDATE_WORKSPACE = YES;
			};
			name = Release;
		};
		2586A37B264DC1DE00DB3A99 /* Debug */ = {
			isa = XCBuildConfiguration;
			buildSettings = {
				ALWAYS_EMBED_SWIFT_STANDARD_LIBRARIES = YES;
				BUNDLE_LOADER = "$(TEST_HOST)";
				CODE_SIGN_STYLE = Automatic;
				INFOPLIST_FILE = EntaFeenYastaTests/Info.plist;
				IPHONEOS_DEPLOYMENT_TARGET = 14.5;
				LD_RUNPATH_SEARCH_PATHS = (
					"$(inherited)",
					"@executable_path/Frameworks",
					"@loader_path/Frameworks",
				);
				PRODUCT_BUNDLE_IDENTIFIER = com.oelmofty.EntaFeenYastaTests;
				PRODUCT_NAME = "$(TARGET_NAME)";
				SWIFT_VERSION = 5.0;
				TARGETED_DEVICE_FAMILY = "1,2";
				TEST_HOST = "$(BUILT_PRODUCTS_DIR)/EntaFeenYasta.app/EntaFeenYasta";
			};
			name = Debug;
		};
		2586A37C264DC1DE00DB3A99 /* Release */ = {
			isa = XCBuildConfiguration;
			buildSettings = {
				ALWAYS_EMBED_SWIFT_STANDARD_LIBRARIES = YES;
				BUNDLE_LOADER = "$(TEST_HOST)";
				CODE_SIGN_STYLE = Automatic;
				INFOPLIST_FILE = EntaFeenYastaTests/Info.plist;
				IPHONEOS_DEPLOYMENT_TARGET = 14.5;
				LD_RUNPATH_SEARCH_PATHS = (
					"$(inherited)",
					"@executable_path/Frameworks",
					"@loader_path/Frameworks",
				);
				PRODUCT_BUNDLE_IDENTIFIER = com.oelmofty.EntaFeenYastaTests;
				PRODUCT_NAME = "$(TARGET_NAME)";
				SWIFT_VERSION = 5.0;
				TARGETED_DEVICE_FAMILY = "1,2";
				TEST_HOST = "$(BUILT_PRODUCTS_DIR)/EntaFeenYasta.app/EntaFeenYasta";
			};
			name = Release;
		};
		2586A37E264DC1DE00DB3A99 /* Debug */ = {
			isa = XCBuildConfiguration;
			buildSettings = {
				ALWAYS_EMBED_SWIFT_STANDARD_LIBRARIES = YES;
				CODE_SIGN_STYLE = Automatic;
				INFOPLIST_FILE = EntaFeenYastaUITests/Info.plist;
				LD_RUNPATH_SEARCH_PATHS = (
					"$(inherited)",
					"@executable_path/Frameworks",
					"@loader_path/Frameworks",
				);
				PRODUCT_BUNDLE_IDENTIFIER = com.oelmofty.EntaFeenYastaUITests;
				PRODUCT_NAME = "$(TARGET_NAME)";
				SWIFT_VERSION = 5.0;
				TARGETED_DEVICE_FAMILY = "1,2";
				TEST_TARGET_NAME = EntaFeenYasta;
			};
			name = Debug;
		};
		2586A37F264DC1DE00DB3A99 /* Release */ = {
			isa = XCBuildConfiguration;
			buildSettings = {
				ALWAYS_EMBED_SWIFT_STANDARD_LIBRARIES = YES;
				CODE_SIGN_STYLE = Automatic;
				INFOPLIST_FILE = EntaFeenYastaUITests/Info.plist;
				LD_RUNPATH_SEARCH_PATHS = (
					"$(inherited)",
					"@executable_path/Frameworks",
					"@loader_path/Frameworks",
				);
				PRODUCT_BUNDLE_IDENTIFIER = com.oelmofty.EntaFeenYastaUITests;
				PRODUCT_NAME = "$(TARGET_NAME)";
				SWIFT_VERSION = 5.0;
				TARGETED_DEVICE_FAMILY = "1,2";
				TEST_TARGET_NAME = EntaFeenYasta;
			};
			name = Release;
		};
/* End XCBuildConfiguration section */

/* Begin XCConfigurationList section */
		2586A348264DC1CC00DB3A99 /* Build configuration list for PBXProject "EntaFeenYasta" */ = {
			isa = XCConfigurationList;
			buildConfigurations = (
				2586A375264DC1DE00DB3A99 /* Debug */,
				2586A376264DC1DE00DB3A99 /* Release */,
			);
			defaultConfigurationIsVisible = 0;
			defaultConfigurationName = Release;
		};
		2586A377264DC1DE00DB3A99 /* Build configuration list for PBXNativeTarget "EntaFeenYasta" */ = {
			isa = XCConfigurationList;
			buildConfigurations = (
				2586A378264DC1DE00DB3A99 /* Debug */,
				2586A379264DC1DE00DB3A99 /* Release */,
			);
			defaultConfigurationIsVisible = 0;
			defaultConfigurationName = Release;
		};
		2586A37A264DC1DE00DB3A99 /* Build configuration list for PBXNativeTarget "EntaFeenYastaTests" */ = {
			isa = XCConfigurationList;
			buildConfigurations = (
				2586A37B264DC1DE00DB3A99 /* Debug */,
				2586A37C264DC1DE00DB3A99 /* Release */,
			);
			defaultConfigurationIsVisible = 0;
			defaultConfigurationName = Release;
		};
		2586A37D264DC1DE00DB3A99 /* Build configuration list for PBXNativeTarget "EntaFeenYastaUITests" */ = {
			isa = XCConfigurationList;
			buildConfigurations = (
				2586A37E264DC1DE00DB3A99 /* Debug */,
				2586A37F264DC1DE00DB3A99 /* Release */,
			);
			defaultConfigurationIsVisible = 0;
			defaultConfigurationName = Release;
		};
/* End XCConfigurationList section */
	};
	rootObject = 2586A345264DC1CC00DB3A99 /* Project object */;
}
